
Microsoft Visual Studio Solution File, Format Version 12.00
# Visual Studio Version 17
VisualStudioVersion = 17.0.31903.59
MinimumVisualStudioVersion = 10.0.40219.1
Project("{2150E333-8FDC-42A3-9474-1A3956D46DE8}") = "src", "src", "{827E0CD3-B72D-47B6-A68D-7590B98EB39B}"
EndProject
Project("{FAE04EC0-301F-11D3-BF4B-00C04F79EFBC}") = "UWB.ANPR.Abstractions", "src\UWB.ANPR.Abstractions\UWB.ANPR.Abstractions.csproj", "{BF06ED54-F965-4CED-B4BA-4F530FD78CA5}"
EndProject
Project("{FAE04EC0-301F-11D3-BF4B-00C04F79EFBC}") = "UWB.ANPR.Hikvision", "src\UWB.ANPR.Hikvision\UWB.ANPR.Hikvision.csproj", "{4CB98F79-6A47-457B-8ED3-57D1BCA9046C}"
EndProject
Project("{FAE04EC0-301F-11D3-BF4B-00C04F79EFBC}") = "UWB.ANPR.Ingestion", "src\UWB.ANPR.Ingestion\UWB.ANPR.Ingestion.csproj", "{64F9CAC9-8F5A-481E-A86D-9B1651FF42C7}"
EndProject
Project("{FAE04EC0-301F-11D3-BF4B-00C04F79EFBC}") = "UWB.ANPR.Api", "src\UWB.ANPR.Api\UWB.ANPR.Api.csproj", "{530BB0A1-7A6B-4A55-96C8-DD53021C5F28}"
EndProject
Project("{FAE04EC0-301F-11D3-BF4B-00C04F79EFBC}") = "UWB.ANPR.UnitTests", "tests\UWB.ANPR.UnitTests\UWB.ANPR.UnitTests.csproj", "{A87B28A1-8781-4A50-88E5-7DC363886EFB}"
EndProject
Global
	GlobalSection(SolutionConfigurationPlatforms) = preSolution
		Debug|Any CPU = Debug|Any CPU
		Debug|x64 = Debug|x64
		Debug|x86 = Debug|x86
		Release|Any CPU = Release|Any CPU
		Release|x64 = Release|x64
		Release|x86 = Release|x86
	EndGlobalSection
	GlobalSection(ProjectConfigurationPlatforms) = postSolution
		{BF06ED54-F965-4CED-B4BA-4F530FD78CA5}.Debug|Any CPU.ActiveCfg = Debug|Any CPU
		{BF06ED54-F965-4CED-B4BA-4F530FD78CA5}.Debug|Any CPU.Build.0 = Debug|Any CPU
		{BF06ED54-F965-4CED-B4BA-4F530FD78CA5}.Debug|x64.ActiveCfg = Debug|Any CPU
		{BF06ED54-F965-4CED-B4BA-4F530FD78CA5}.Debug|x64.Build.0 = Debug|Any CPU
		{BF06ED54-F965-4CED-B4BA-4F530FD78CA5}.Debug|x86.ActiveCfg = Debug|Any CPU
		{BF06ED54-F965-4CED-B4BA-4F530FD78CA5}.Debug|x86.Build.0 = Debug|Any CPU
		{BF06ED54-F965-4CED-B4BA-4F530FD78CA5}.Release|Any CPU.ActiveCfg = Release|Any CPU
		{BF06ED54-F965-4CED-B4BA-4F530FD78CA5}.Release|Any CPU.Build.0 = Release|Any CPU
		{BF06ED54-F965-4CED-B4BA-4F530FD78CA5}.Release|x64.ActiveCfg = Release|Any CPU
		{BF06ED54-F965-4CED-B4BA-4F530FD78CA5}.Release|x64.Build.0 = Release|Any CPU
		{BF06ED54-F965-4CED-B4BA-4F530FD78CA5}.Release|x86.ActiveCfg = Release|Any CPU
		{BF06ED54-F965-4CED-B4BA-4F530FD78CA5}.Release|x86.Build.0 = Release|Any CPU
		{4CB98F79-6A47-457B-8ED3-57D1BCA9046C}.Debug|Any CPU.ActiveCfg = Debug|Any CPU
		{4CB98F79-6A47-457B-8ED3-57D1BCA9046C}.Debug|Any CPU.Build.0 = Debug|Any CPU
		{4CB98F79-6A47-457B-8ED3-57D1BCA9046C}.Debug|x64.ActiveCfg = Debug|Any CPU
		{4CB98F79-6A47-457B-8ED3-57D1BCA9046C}.Debug|x64.Build.0 = Debug|Any CPU
		{4CB98F79-6A47-457B-8ED3-57D1BCA9046C}.Debug|x86.ActiveCfg = Debug|Any CPU
		{4CB98F79-6A47-457B-8ED3-57D1BCA9046C}.Debug|x86.Build.0 = Debug|Any CPU
		{4CB98F79-6A47-457B-8ED3-57D1BCA9046C}.Release|Any CPU.ActiveCfg = Release|Any CPU
		{4CB98F79-6A47-457B-8ED3-57D1BCA9046C}.Release|Any CPU.Build.0 = Release|Any CPU
		{4CB98F79-6A47-457B-8ED3-57D1BCA9046C}.Release|x64.ActiveCfg = Release|Any CPU
		{4CB98F79-6A47-457B-8ED3-57D1BCA9046C}.Release|x64.Build.0 = Release|Any CPU
		{4CB98F79-6A47-457B-8ED3-57D1BCA9046C}.Release|x86.ActiveCfg = Release|Any CPU
		{4CB98F79-6A47-457B-8ED3-57D1BCA9046C}.Release|x86.Build.0 = Release|Any CPU
		{64F9CAC9-8F5A-481E-A86D-9B1651FF42C7}.Debug|Any CPU.ActiveCfg = Debug|Any CPU
		{64F9CAC9-8F5A-481E-A86D-9B1651FF42C7}.Debug|Any CPU.Build.0 = Debug|Any CPU
		{64F9CAC9-8F5A-481E-A86D-9B1651FF42C7}.Debug|x64.ActiveCfg = Debug|Any CPU
		{64F9CAC9-8F5A-481E-A86D-9B1651FF42C7}.Debug|x64.Build.0 = Debug|Any CPU
		{64F9CAC9-8F5A-481E-A86D-9B1651FF42C7}.Debug|x86.ActiveCfg = Debug|Any CPU
		{64F9CAC9-8F5A-481E-A86D-9B1651FF42C7}.Debug|x86.Build.0 = Debug|Any CPU
		{64F9CAC9-8F5A-481E-A86D-9B1651FF42C7}.Release|Any CPU.ActiveCfg = Release|Any CPU
		{64F9CAC9-8F5A-481E-A86D-9B1651FF42C7}.Release|Any CPU.Build.0 = Release|Any CPU
		{64F9CAC9-8F5A-481E-A86D-9B1651FF42C7}.Release|x64.ActiveCfg = Release|Any CPU
		{64F9CAC9-8F5A-481E-A86D-9B1651FF42C7}.Release|x64.Build.0 = Release|Any CPU
		{64F9CAC9-8F5A-481E-A86D-9B1651FF42C7}.Release|x86.ActiveCfg = Release|Any CPU
		{64F9CAC9-8F5A-481E-A86D-9B1651FF42C7}.Release|x86.Build.0 = Release|Any CPU
		{530BB0A1-7A6B-4A55-96C8-DD53021C5F28}.Debug|Any CPU.ActiveCfg = Debug|Any CPU
		{530BB0A1-7A6B-4A55-96C8-DD53021C5F28}.Debug|Any CPU.Build.0 = Debug|Any CPU
		{530BB0A1-7A6B-4A55-96C8-DD53021C5F28}.Debug|x64.ActiveCfg = Debug|Any CPU
		{530BB0A1-7A6B-4A55-96C8-DD53021C5F28}.Debug|x64.Build.0 = Debug|Any CPU
		{530BB0A1-7A6B-4A55-96C8-DD53021C5F28}.Debug|x86.ActiveCfg = Debug|Any CPU
		{530BB0A1-7A6B-4A55-96C8-DD53021C5F28}.Debug|x86.Build.0 = Debug|Any CPU
		{530BB0A1-7A6B-4A55-96C8-DD53021C5F28}.Release|Any CPU.ActiveCfg = Release|Any CPU
		{530BB0A1-7A6B-4A55-96C8-DD53021C5F28}.Release|Any CPU.Build.0 = Release|Any CPU
		{530BB0A1-7A6B-4A55-96C8-DD53021C5F28}.Release|x64.ActiveCfg = Release|Any CPU
		{530BB0A1-7A6B-4A55-96C8-DD53021C5F28}.Release|x64.Build.0 = Release|Any CPU
		{530BB0A1-7A6B-4A55-96C8-DD53021C5F28}.Release|x86.ActiveCfg = Release|Any CPU
		{530BB0A1-7A6B-4A55-96C8-DD53021C5F28}.Release|x86.Build.0 = Release|Any CPU
		{A87B28A1-8781-4A50-88E5-7DC363886EFB}.Debug|Any CPU.ActiveCfg = Debug|Any CPU
		{A87B28A1-8781-4A50-88E5-7DC363886EFB}.Debug|Any CPU.Build.0 = Debug|Any CPU
		{A87B28A1-8781-4A50-88E5-7DC363886EFB}.Debug|x64.ActiveCfg = Debug|Any CPU
		{A87B28A1-8781-4A50-88E5-7DC363886EFB}.Debug|x64.Build.0 = Debug|Any CPU
		{A87B28A1-8781-4A50-88E5-7DC363886EFB}.Debug|x86.ActiveCfg = Debug|Any CPU
		{A87B28A1-8781-4A50-88E5-7DC363886EFB}.Debug|x86.Build.0 = Debug|Any CPU
		{A87B28A1-8781-4A50-88E5-7DC363886EFB}.Release|Any CPU.ActiveCfg = Release|Any CPU
		{A87B28A1-8781-4A50-88E5-7DC363886EFB}.Release|Any CPU.Build.0 = Release|Any CPU
		{A87B28A1-8781-4A50-88E5-7DC363886EFB}.Release|x64.ActiveCfg = Release|Any CPU
		{A87B28A1-8781-4A50-88E5-7DC363886EFB}.Release|x64.Build.0 = Release|Any CPU
		{A87B28A1-8781-4A50-88E5-7DC363886EFB}.Release|x86.ActiveCfg = Release|Any CPU
		{A87B28A1-8781-4A50-88E5-7DC363886EFB}.Release|x86.Build.0 = Release|Any CPU
	EndGlobalSection
	GlobalSection(SolutionProperties) = preSolution
		HideSolutionNode = FALSE
	EndGlobalSection
	GlobalSection(NestedProjects) = preSolution
		{BF06ED54-F965-4CED-B4BA-4F530FD78CA5} = {827E0CD3-B72D-47B6-A68D-7590B98EB39B}
		{4CB98F79-6A47-457B-8ED3-57D1BCA9046C} = {827E0CD3-B72D-47B6-A68D-7590B98EB39B}
		{64F9CAC9-8F5A-481E-A86D-9B1651FF42C7} = {827E0CD3-B72D-47B6-A68D-7590B98EB39B}
		{530BB0A1-7A6B-4A55-96C8-DD53021C5F28} = {827E0CD3-B72D-47B6-A68D-7590B98EB39B}
		{A87B28A1-8781-4A50-88E5-7DC363886EFB} = {827E0CD3-B72D-47B6-A68D-7590B98EB39B}
	EndGlobalSection
EndGlobal
